[[package]]
category = "main"
description = "a modern parsing library"
name = "lark-parser"
optional = false
python-versions = "*"
version = "0.9.0"

[package.extras]
regex = ["regex"]

[metadata]
content-hash = "39c33f0f01285aeeb3d8d1048528259b3aa92a4923b684e13b4aa1bd38b87911"
lock-version = "1.0"
python-versions = "*"

[metadata.files]
lark-parser = [
    {file = "lark-parser-0.9.0.tar.gz", hash = "sha256:9e7589365d6b6de1cca40b0eaec31104a3fb96a37a11a9dfd5098e95b50aa6cd"},
]
